
Microsoft Visual Studio Solution File, Format Version 12.00
# Visual Studio Version 17
VisualStudioVersion = 17.7.34202.233
MinimumVisualStudioVersion = 10.0.40219.1
Project("{FAE04EC0-301F-11D3-BF4B-00C04F79EFBC}") = "Tudora_DragosPaul_Lab1", "Tudora_DragosPaul_Lab1.csproj", "{6F019BC8-73DE-448D-9006-7D058A67A289}"
EndProject
Global
	GlobalSection(SolutionConfigurationPlatforms) = preSolution
		Debug|Any CPU = Debug|Any CPU
		Release|Any CPU = Release|Any CPU
	EndGlobalSection
	GlobalSection(ProjectConfigurationPlatforms) = postSolution
		{6F019BC8-73DE-448D-9006-7D058A67A289}.Debug|Any CPU.ActiveCfg = Debug|Any CPU
		{6F019BC8-73DE-448D-9006-7D058A67A289}.Debug|Any CPU.Build.0 = Debug|Any CPU
		{6F019BC8-73DE-448D-9006-7D058A67A289}.Release|Any CPU.ActiveCfg = Release|Any CPU
		{6F019BC8-73DE-448D-9006-7D058A67A289}.Release|Any CPU.Build.0 = Release|Any CPU
	EndGlobalSection
	GlobalSection(SolutionProperties) = preSolution
		HideSolutionNode = FALSE
	EndGlobalSection
	GlobalSection(ExtensibilityGlobals) = postSolution
		SolutionGuid = {458007AA-7EE8-477A-9ED9-91847DB142A9}
	EndGlobalSection
EndGlobal
